
Microsoft Visual Studio Solution File, Format Version 12.00
# Visual Studio Version 17
VisualStudioVersion = 17.2.32505.173
MinimumVisualStudioVersion = 10.0.40219.1
Project("{FAE04EC0-301F-11D3-BF4B-00C04F79EFBC}") = "CutiT_InfoTest", "CutiT_InfoTest\CutiT_InfoTest.csproj", "{2E72A639-943E-4D40-BE0C-31DFB0EF58FF}"
EndProject
Global
	GlobalSection(SolutionConfigurationPlatforms) = preSolution
		Debug|Any CPU = Debug|Any CPU
		Release|Any CPU = Release|Any CPU
	EndGlobalSection
	GlobalSection(ProjectConfigurationPlatforms) = postSolution
		{2E72A639-943E-4D40-BE0C-31DFB0EF58FF}.Debug|Any CPU.ActiveCfg = Debug|Any CPU
		{2E72A639-943E-4D40-BE0C-31DFB0EF58FF}.Debug|Any CPU.Build.0 = Debug|Any CPU
		{2E72A639-943E-4D40-BE0C-31DFB0EF58FF}.Release|Any CPU.ActiveCfg = Release|Any CPU
		{2E72A639-943E-4D40-BE0C-31DFB0EF58FF}.Release|Any CPU.Build.0 = Release|Any CPU
	EndGlobalSection
	GlobalSection(SolutionProperties) = preSolution
		HideSolutionNode = FALSE
	EndGlobalSection
	GlobalSection(ExtensibilityGlobals) = postSolution
		SolutionGuid = {26E3C478-FED4-45A1-8474-07AFF9ED0EF8}
	EndGlobalSection
EndGlobal
